
Microsoft Visual Studio Solution File, Format Version 12.00
# Visual Studio Version 17
VisualStudioVersion = 17.3.32929.385
MinimumVisualStudioVersion = 10.0.40219.1
Project("{FAE04EC0-301F-11D3-BF4B-00C04F79EFBC}") = "CSharp_Assign1", "CSharp_Assign1.csproj", "{598F1FAD-79CC-4C8C-A755-60DB6E4D3C8A}"
EndProject
Global
	GlobalSection(SolutionConfigurationPlatforms) = preSolution
		Debug|Any CPU = Debug|Any CPU
		Release|Any CPU = Release|Any CPU
	EndGlobalSection
	GlobalSection(ProjectConfigurationPlatforms) = postSolution
		{598F1FAD-79CC-4C8C-A755-60DB6E4D3C8A}.Debug|Any CPU.ActiveCfg = Debug|Any CPU
		{598F1FAD-79CC-4C8C-A755-60DB6E4D3C8A}.Debug|Any CPU.Build.0 = Debug|Any CPU
		{598F1FAD-79CC-4C8C-A755-60DB6E4D3C8A}.Release|Any CPU.ActiveCfg = Release|Any CPU
		{598F1FAD-79CC-4C8C-A755-60DB6E4D3C8A}.Release|Any CPU.Build.0 = Release|Any CPU
	EndGlobalSection
	GlobalSection(SolutionProperties) = preSolution
		HideSolutionNode = FALSE
	EndGlobalSection
	GlobalSection(ExtensibilityGlobals) = postSolution
		SolutionGuid = {FB3A9A66-5883-4050-B663-8541E35DC25B}
	EndGlobalSection
EndGlobal
